
Microsoft Visual Studio Solution File, Format Version 12.00
Project("{FAE04EC0-301F-11D3-BF4B-00C04F79EFBC}") = "Azorian", "Azorian.csproj", "{D03EBAA8-B40B-4291-A60C-11468371916A}"
EndProject
Project("{2150E333-8FDC-42A3-9474-1A3956D46DE8}") = "Solution Items", "Solution Items", "{3EE16977-DE24-4477-A91D-EB8296514752}"
	ProjectSection(SolutionItems) = preProject
		compose.yaml = compose.yaml
	EndProjectSection
EndProject
Global
	GlobalSection(SolutionConfigurationPlatforms) = preSolution
		Debug|Any CPU = Debug|Any CPU
		Release|Any CPU = Release|Any CPU
	EndGlobalSection
	GlobalSection(ProjectConfigurationPlatforms) = postSolution
		{D03EBAA8-B40B-4291-A60C-11468371916A}.Debug|Any CPU.ActiveCfg = Debug|Any CPU
		{D03EBAA8-B40B-4291-A60C-11468371916A}.Debug|Any CPU.Build.0 = Debug|Any CPU
		{D03EBAA8-B40B-4291-A60C-11468371916A}.Release|Any CPU.ActiveCfg = Release|Any CPU
		{D03EBAA8-B40B-4291-A60C-11468371916A}.Release|Any CPU.Build.0 = Release|Any CPU
	EndGlobalSection
EndGlobal
